
Microsoft Visual Studio Solution File, Format Version 12.00
# Visual Studio Version 17
VisualStudioVersion = 17.5.002.0
MinimumVisualStudioVersion = 10.0.40219.1
Project("{9A19103F-16F7-4668-BE54-9A1E7A4F7556}") = "PRO05_backend_Jack_Jason_Josh", "PRO05_backend_Jack_Jason_Josh.csproj", "{E0040C50-7008-46F2-B8FD-2ECF7CCCCED3}"
EndProject
Global
	GlobalSection(SolutionConfigurationPlatforms) = preSolution
		Debug|Any CPU = Debug|Any CPU
		Release|Any CPU = Release|Any CPU
	EndGlobalSection
	GlobalSection(ProjectConfigurationPlatforms) = postSolution
		{E0040C50-7008-46F2-B8FD-2ECF7CCCCED3}.Debug|Any CPU.ActiveCfg = Debug|Any CPU
		{E0040C50-7008-46F2-B8FD-2ECF7CCCCED3}.Debug|Any CPU.Build.0 = Debug|Any CPU
		{E0040C50-7008-46F2-B8FD-2ECF7CCCCED3}.Release|Any CPU.ActiveCfg = Release|Any CPU
		{E0040C50-7008-46F2-B8FD-2ECF7CCCCED3}.Release|Any CPU.Build.0 = Release|Any CPU
	EndGlobalSection
	GlobalSection(SolutionProperties) = preSolution
		HideSolutionNode = FALSE
	EndGlobalSection
	GlobalSection(ExtensibilityGlobals) = postSolution
		SolutionGuid = {9E98A0B2-E45A-450C-B7D9-A5EB290655FD}
	EndGlobalSection
EndGlobal
